
Microsoft Visual Studio Solution File, Format Version 12.00
# Visual Studio Version 17
VisualStudioVersion = 17.1.32104.313
MinimumVisualStudioVersion = 10.0.40219.1
Project("{9A19103F-16F7-4668-BE54-9A1E7A4F7556}") = "UnitOfWorkExample.Core", "UnitOfWorkExample.Core\UnitOfWorkExample.Core.csproj", "{D8A76A00-25FA-4482-8FA7-AE668C9FFC02}"
EndProject
Project("{FAE04EC0-301F-11D3-BF4B-00C04F79EFBC}") = "UnitOfWorkExample.RepositoryLayer", "UnitOfWorkExample.RepositoryLayer\UnitOfWorkExample.RepositoryLayer.csproj", "{7DBC1649-C0D1-42E4-B3B1-A08305251B89}"
EndProject
Project("{FAE04EC0-301F-11D3-BF4B-00C04F79EFBC}") = "UnitOfWorkExample.Core.TestWebApi", "UnitOfWorkExample.Core.TestWebApi\UnitOfWorkExample.Core.TestWebApi.csproj", "{F770DF00-FAD4-4319-A844-FC1AFF475577}"
EndProject
Project("{FAE04EC0-301F-11D3-BF4B-00C04F79EFBC}") = "Entities", "Entities\Entities.csproj", "{03BA3C22-B795-49D8-8CFD-D73FCF240B3F}"
EndProject
Global
	GlobalSection(SolutionConfigurationPlatforms) = preSolution
		Debug|Any CPU = Debug|Any CPU
		Release|Any CPU = Release|Any CPU
	EndGlobalSection
	GlobalSection(ProjectConfigurationPlatforms) = postSolution
		{D8A76A00-25FA-4482-8FA7-AE668C9FFC02}.Debug|Any CPU.ActiveCfg = Debug|Any CPU
		{D8A76A00-25FA-4482-8FA7-AE668C9FFC02}.Debug|Any CPU.Build.0 = Debug|Any CPU
		{D8A76A00-25FA-4482-8FA7-AE668C9FFC02}.Release|Any CPU.ActiveCfg = Release|Any CPU
		{D8A76A00-25FA-4482-8FA7-AE668C9FFC02}.Release|Any CPU.Build.0 = Release|Any CPU
		{7DBC1649-C0D1-42E4-B3B1-A08305251B89}.Debug|Any CPU.ActiveCfg = Debug|Any CPU
		{7DBC1649-C0D1-42E4-B3B1-A08305251B89}.Debug|Any CPU.Build.0 = Debug|Any CPU
		{7DBC1649-C0D1-42E4-B3B1-A08305251B89}.Release|Any CPU.ActiveCfg = Release|Any CPU
		{7DBC1649-C0D1-42E4-B3B1-A08305251B89}.Release|Any CPU.Build.0 = Release|Any CPU
		{F770DF00-FAD4-4319-A844-FC1AFF475577}.Debug|Any CPU.ActiveCfg = Debug|Any CPU
		{F770DF00-FAD4-4319-A844-FC1AFF475577}.Debug|Any CPU.Build.0 = Debug|Any CPU
		{F770DF00-FAD4-4319-A844-FC1AFF475577}.Release|Any CPU.ActiveCfg = Release|Any CPU
		{F770DF00-FAD4-4319-A844-FC1AFF475577}.Release|Any CPU.Build.0 = Release|Any CPU
		{03BA3C22-B795-49D8-8CFD-D73FCF240B3F}.Debug|Any CPU.ActiveCfg = Debug|Any CPU
		{03BA3C22-B795-49D8-8CFD-D73FCF240B3F}.Debug|Any CPU.Build.0 = Debug|Any CPU
		{03BA3C22-B795-49D8-8CFD-D73FCF240B3F}.Release|Any CPU.ActiveCfg = Release|Any CPU
		{03BA3C22-B795-49D8-8CFD-D73FCF240B3F}.Release|Any CPU.Build.0 = Release|Any CPU
	EndGlobalSection
	GlobalSection(SolutionProperties) = preSolution
		HideSolutionNode = FALSE
	EndGlobalSection
	GlobalSection(ExtensibilityGlobals) = postSolution
		SolutionGuid = {27885A21-7BF6-4006-8ADD-75FC2E1A18BA}
	EndGlobalSection
EndGlobal
