
Microsoft Visual Studio Solution File, Format Version 12.00
# Visual Studio Version 17
VisualStudioVersion = 17.1.32104.313
MinimumVisualStudioVersion = 10.0.40219.1
Project("{9A19103F-16F7-4668-BE54-9A1E7A4F7556}") = "UnitOfWorkExample.Core", "UnitOfWorkExample.Core\UnitOfWorkExample.Core.csproj", "{D8A76A00-25FA-4482-8FA7-AE668C9FFC02}"
EndProject
Project("{9A19103F-16F7-4668-BE54-9A1E7A4F7556}") = "UnitOfWorkExample.Core.Test", "..\..\..\test\net\UnitOfWorkExample.Core.Test\UnitOfWorkExample.Core.Test.csproj", "{0E6FA6B4-0904-45A0-B926-40F06409DE45}"
EndProject
Project("{FAE04EC0-301F-11D3-BF4B-00C04F79EFBC}") = "UnitOfWorkExample.Core.TestWeb", "UnitOfWorkExample.Core.TestWeb\UnitOfWorkExample.Core.TestWeb.csproj", "{CC37777D-F10A-4551-ACE8-965B5A0A5240}"
EndProject
Global
	GlobalSection(SolutionConfigurationPlatforms) = preSolution
		Debug|Any CPU = Debug|Any CPU
		Release|Any CPU = Release|Any CPU
	EndGlobalSection
	GlobalSection(ProjectConfigurationPlatforms) = postSolution
		{D8A76A00-25FA-4482-8FA7-AE668C9FFC02}.Debug|Any CPU.ActiveCfg = Debug|Any CPU
		{D8A76A00-25FA-4482-8FA7-AE668C9FFC02}.Debug|Any CPU.Build.0 = Debug|Any CPU
		{D8A76A00-25FA-4482-8FA7-AE668C9FFC02}.Release|Any CPU.ActiveCfg = Release|Any CPU
		{D8A76A00-25FA-4482-8FA7-AE668C9FFC02}.Release|Any CPU.Build.0 = Release|Any CPU
		{0E6FA6B4-0904-45A0-B926-40F06409DE45}.Debug|Any CPU.ActiveCfg = Debug|Any CPU
		{0E6FA6B4-0904-45A0-B926-40F06409DE45}.Debug|Any CPU.Build.0 = Debug|Any CPU
		{0E6FA6B4-0904-45A0-B926-40F06409DE45}.Release|Any CPU.ActiveCfg = Release|Any CPU
		{0E6FA6B4-0904-45A0-B926-40F06409DE45}.Release|Any CPU.Build.0 = Release|Any CPU
		{CC37777D-F10A-4551-ACE8-965B5A0A5240}.Debug|Any CPU.ActiveCfg = Debug|Any CPU
		{CC37777D-F10A-4551-ACE8-965B5A0A5240}.Debug|Any CPU.Build.0 = Debug|Any CPU
		{CC37777D-F10A-4551-ACE8-965B5A0A5240}.Release|Any CPU.ActiveCfg = Release|Any CPU
		{CC37777D-F10A-4551-ACE8-965B5A0A5240}.Release|Any CPU.Build.0 = Release|Any CPU
	EndGlobalSection
	GlobalSection(SolutionProperties) = preSolution
		HideSolutionNode = FALSE
	EndGlobalSection
	GlobalSection(ExtensibilityGlobals) = postSolution
		SolutionGuid = {27885A21-7BF6-4006-8ADD-75FC2E1A18BA}
	EndGlobalSection
EndGlobal
